// !$*UTF8*$!
{
	archiveVersion = 1;
	classes = {
	};
	objectVersion = 46;
	objects = {

/* Begin PBXBuildFile section */
		1A7D6A261BE2CE6D003873F7 /* AppDelegate.swift in Sources */ = {isa = PBXBuildFile; fileRef = 1A7D6A251BE2CE6D003873F7 /* AppDelegate.swift */; };
		1A7D6A281BE2CE6D003873F7 /* ViewController.swift in Sources */ = {isa = PBXBuildFile; fileRef = 1A7D6A271BE2CE6D003873F7 /* ViewController.swift */; };
		1A7D6A2B1BE2CE6D003873F7 /* Main.storyboard in Resources */ = {isa = PBXBuildFile; fileRef = 1A7D6A291BE2CE6D003873F7 /* Main.storyboard */; };
		1A7D6A2D1BE2CE6D003873F7 /* Assets.xcassets in Resources */ = {isa = PBXBuildFile; fileRef = 1A7D6A2C1BE2CE6D003873F7 /* Assets.xcassets */; };
		1A7D6A301BE2CE6D003873F7 /* LaunchScreen.storyboard in Resources */ = {isa = PBXBuildFile; fileRef = 1A7D6A2E1BE2CE6D003873F7 /* LaunchScreen.storyboard */; };
		1A7D6A381BE2CE88003873F7 /* MapKit.framework in Frameworks */ = {isa = PBXBuildFile; fileRef = 1A7D6A371BE2CE88003873F7 /* MapKit.framework */; };
/* End PBXBuildFile section */

/* Begin PBXFileReference section */
		1A7D6A221BE2CE6D003873F7 /* Where am I.app */ = {isa = PBXFileReference; explicitFileType = wrapper.application; includeInIndex = 0; path = "Where am I.app"; sourceTree = BUILT_PRODUCTS_DIR; };
		1A7D6A251BE2CE6D003873F7 /* AppDelegate.swift */ = {isa = PBXFileReference; lastKnownFileType = sourcecode.swift; path = AppDelegate.swift; sourceTree = "<group>"; };
		1A7D6A271BE2CE6D003873F7 /* ViewController.swift */ = {isa = PBXFileReference; lastKnownFileType = sourcecode.swift; path = ViewController.swift; sourceTree = "<group>"; };
		1A7D6A2A1BE2CE6D003873F7 /* Base */ = {isa = PBXFileReference; lastKnownFileType = file.storyboard; name = Base; path = Base.lproj/Main.storyboard; sourceTree = "<group>"; };
		1A7D6A2C1BE2CE6D003873F7 /* Assets.xcassets */ = {isa = PBXFileReference; lastKnownFileType = folder.assetcatalog; path = Assets.xcassets; sourceTree = "<group>"; };
		1A7D6A2F1BE2CE6D003873F7 /* Base */ = {isa = PBXFileReference; lastKnownFileType = file.storyboard; name = Base; path = Base.lproj/LaunchScreen.storyboard; sourceTree = "<group>"; };
		1A7D6A311BE2CE6D003873F7 /* Info.plist */ = {isa = PBXFileReference; lastKnownFileType = text.plist.xml; path = Info.plist; sourceTree = "<group>"; };
		1A7D6A371BE2CE88003873F7 /* MapKit.framework */ = {isa = PBXFileReference; lastKnownFileType = wrapper.framework; name = MapKit.framework; path = System/Library/Frameworks/MapKit.framework; sourceTree = SDKROOT; };
/* End PBXFileReference section */

/* Begin PBXFrameworksBuildPhase section */
		1A7D6A1F1BE2CE6D003873F7 /* Frameworks */ = {
			isa = PBXFrameworksBuildPhase;
			buildActionMask = 2147483647;
			files = (
				1A7D6A381BE2CE88003873F7 /* MapKit.framework in Frameworks */,
			);
			runOnlyForDeploymentPostprocessing = 0;
		};
/* End PBXFrameworksBuildPhase section */

/* Begin PBXGroup section */
		1A7D6A191BE2CE6D003873F7 = {
			isa = PBXGroup;
			children = (
				1A7D6A371BE2CE88003873F7 /* MapKit.framework */,
				1A7D6A241BE2CE6D003873F7 /* Where am I */,
				1A7D6A231BE2CE6D003873F7 /* Products */,
			);
			sourceTree = "<group>";
		};
		1A7D6A231BE2CE6D003873F7 /* Products */ = {
			isa = PBXGroup;
			children = (
				1A7D6A221BE2CE6D003873F7 /* Where am I.app */,
			);
			name = Products;
			sourceTree = "<group>";
		};
		1A7D6A241BE2CE6D003873F7 /* Where am I */ = {
			isa = PBXGroup;
			children = (
				1A7D6A251BE2CE6D003873F7 /* AppDelegate.swift */,
				1A7D6A271BE2CE6D003873F7 /* ViewController.swift */,
				1A7D6A291BE2CE6D003873F7 /* Main.storyboard */,
				1A7D6A2C1BE2CE6D003873F7 /* Assets.xcassets */,
				1A7D6A2E1BE2CE6D003873F7 /* LaunchScreen.storyboard */,
				1A7D6A311BE2CE6D003873F7 /* Info.plist */,
			);
			path = "Where am I";
			sourceTree = "<group>";
		};
/* End PBXGroup section */

/* Begin PBXNativeTarget section */
		1A7D6A211BE2CE6D003873F7 /* Where am I */ = {
			isa = PBXNativeTarget;
			buildConfigurationList = 1A7D6A341BE2CE6D003873F7 /* Build configuration list for PBXNativeTarget "Where am I" */;
			buildPhases = (
				1A7D6A1E1BE2CE6D003873F7 /* Sources */,
				1A7D6A1F1BE2CE6D003873F7 /* Frameworks */,
				1A7D6A201BE2CE6D003873F7 /* Resources */,
			);
			buildRules = (
			);
			dependencies = (
			);
			name = "Where am I";
			productName = "Where am I";
			productReference = 1A7D6A221BE2CE6D003873F7 /* Where am I.app */;
			productType = "com.apple.product-type.application";
		};
/* End PBXNativeTarget section */

/* Begin PBXProject section */
		1A7D6A1A1BE2CE6D003873F7 /* Project object */ = {
			isa = PBXProject;
			attributes = {
				LastSwiftUpdateCheck = 0710;
				LastUpgradeCheck = 0710;
				ORGANIZATIONNAME = noun;
				TargetAttributes = {
					1A7D6A211BE2CE6D003873F7 = {
						CreatedOnToolsVersion = 7.1;
						SystemCapabilities = {
							com.apple.Maps.iOS = {
								enabled = 1;
							};
						};
					};
				};
			};
			buildConfigurationList = 1A7D6A1D1BE2CE6D003873F7 /* Build configuration list for PBXProject "Where am I" */;
			compatibilityVersion = "Xcode 3.2";
			developmentRegion = English;
			hasScannedForEncodings = 0;
			knownRegions = (
				en,
				Base,
			);
			mainGroup = 1A7D6A191BE2CE6D003873F7;
			productRefGroup = 1A7D6A231BE2CE6D003873F7 /* Products */;
			projectDirPath = "";
			projectRoot = "";
			targets = (
				1A7D6A211BE2CE6D003873F7 /* Where am I */,
			);
		};
/* End PBXProject section */

/* Begin PBXResourcesBuildPhase section */
		1A7D6A201BE2CE6D003873F7 /* Resources */ = {
			isa = PBXResourcesBuildPhase;
			buildActionMask = 2147483647;
			files = (
				1A7D6A301BE2CE6D003873F7 /* LaunchScreen.storyboard in Resources */,
				1A7D6A2D1BE2CE6D003873F7 /* Assets.xcassets in Resources */,
				1A7D6A2B1BE2CE6D003873F7 /* Main.storyboard in Resources */,
			);
			runOnlyForDeploymentPostprocessing = 0;
		};
/* End PBXResourcesBuildPhase section */

/* Begin PBXSourcesBuildPhase section */
		1A7D6A1E1BE2CE6D003873F7 /* Sources */ = {
			isa = PBXSourcesBuildPhase;
			buildActionMask = 2147483647;
			files = (
				1A7D6A281BE2CE6D003873F7 /* ViewController.swift in Sources */,
				1A7D6A261BE2CE6D003873F7 /* AppDelegate.swift in Sources */,
			);
			runOnlyForDeploymentPostprocessing = 0;
		};
/* End PBXSourcesBuildPhase section */

/* Begin PBXVariantGroup section */
		1A7D6A291BE2CE6D003873F7 /* Main.storyboard */ = {
			isa = PBXVariantGroup;
			children = (
				1A7D6A2A1BE2CE6D003873F7 /* Base */,
			);
			name = Main.storyboard;
			sourceTree = "<group>";
		};
		1A7D6A2E1BE2CE6D003873F7 /* LaunchScreen.storyboard */ = {
			isa = PBXVariantGroup;
			children = (
				1A7D6A2F1BE2CE6D003873F7 /* Base */,
			);
			name = LaunchScreen.storyboard;
			sourceTree = "<group>";
		};
/* End PBXVariantGroup section */

/* Begin XCBuildConfiguration section */
		1A7D6A321BE2CE6D003873F7 /* Debug */ = {
			isa = XCBuildConfiguration;
			buildSettings = {
				ALWAYS_SEARCH_USER_PATHS = NO;
				CLANG_CXX_LANGUAGE_STANDARD = "gnu++0x";
				CLANG_CXX_LIBRARY = "libc++";
				CLANG_ENABLE_MODULES = YES;
				CLANG_ENABLE_OBJC_ARC = YES;
				CLANG_WARN_BOOL_CONVERSION = YES;
				CLANG_WARN_CONSTANT_CONVERSION = YES;
				CLANG_WARN_DIRECT_OBJC_ISA_USAGE = YES_ERROR;
				CLANG_WARN_EMPTY_BODY = YES;
				CLANG_WARN_ENUM_CONVERSION = YES;
				CLANG_WARN_INT_CONVERSION = YES;
				CLANG_WARN_OBJC_ROOT_CLASS = YES_ERROR;
				CLANG_WARN_UNREACHABLE_CODE = YES;
				CLANG_WARN__DUPLICATE_METHOD_MATCH = YES;
				"CODE_SIGN_IDENTITY[sdk=iphoneos*]" = "iPhone Developer";
				COPY_PHASE_STRIP = NO;
				DEBUG_INFORMATION_FORMAT = dwarf;
				ENABLE_STRICT_OBJC_MSGSEND = YES;
				ENABLE_TESTABILITY = YES;
				GCC_C_LANGUAGE_STANDARD = gnu99;
				GCC_DYNAMIC_NO_PIC = NO;
				GCC_NO_COMMON_BLOCKS = YES;
				GCC_OPTIMIZATION_LEVEL = 0;
				GCC_PREPROCESSOR_DEFINITIONS = (
					"DEBUG=1",
					"$(inherited)",
				);
				GCC_WARN_64_TO_32_BIT_CONVERSION = YES;
				GCC_WARN_ABOUT_RETURN_TYPE = YES_ERROR;
				GCC_WARN_UNDECLARED_SELECTOR = YES;
				GCC_WARN_UNINITIALIZED_AUTOS = YES_AGGRESSIVE;
				GCC_WARN_UNUSED_FUNCTION = YES;
				GCC_WARN_UNUSED_VARIABLE = YES;
				IPHONEOS_DEPLOYMENT_TARGET = 9.1;
				MTL_ENABLE_DEBUG_INFO = YES;
				ONLY_ACTIVE_ARCH = YES;
				SDKROOT = iphoneos;
				SWIFT_OPTIMIZATION_LEVEL = "-Onone";
			};
			name = Debug;
		};
		1A7D6A331BE2CE6D003873F7 /* Release */ = {
			isa = XCBuildConfiguration;
			buildSettings = {
				ALWAYS_SEARCH_USER_PATHS = NO;
				CLANG_CXX_LANGUAGE_STANDARD = "gnu++0x";
				CLANG_CXX_LIBRARY = "libc++";
				CLANG_ENABLE_MODULES = YES;
				CLANG_ENABLE_OBJC_ARC = YES;
				CLANG_WARN_BOOL_CONVERSION = YES;
				CLANG_WARN_CONSTANT_CONVERSION = YES;
				CLANG_WARN_DIRECT_OBJC_ISA_USAGE = YES_ERROR;
				CLANG_WARN_EMPTY_BODY = YES;
				CLANG_WARN_ENUM_CONVERSION = YES;
				CLANG_WARN_INT_CONVERSION = YES;
				CLANG_WARN_OBJC_ROOT_CLASS = YES_ERROR;
				CLANG_WARN_UNREACHABLE_CODE = YES;
				CLANG_WARN__DUPLICATE_METHOD_MATCH = YES;
				"CODE_SIGN_IDENTITY[sdk=iphoneos*]" = "iPhone Developer";
				COPY_PHASE_STRIP = NO;
				DEBUG_INFORMATION_FORMAT = "dwarf-with-dsym";
				ENABLE_NS_ASSERTIONS = NO;
				ENABLE_STRICT_OBJC_MSGSEND = YES;
				GCC_C_LANGUAGE_STANDARD = gnu99;
				GCC_NO_COMMON_BLOCKS = YES;
				GCC_WARN_64_TO_32_BIT_CONVERSION = YES;
				GCC_WARN_ABOUT_RETURN_TYPE = YES_ERROR;
				GCC_WARN_UNDECLARED_SELECTOR = YES;
				GCC_WARN_UNINITIALIZED_AUTOS = YES_AGGRESSIVE;
				GCC_WARN_UNUSED_FUNCTION = YES;
				GCC_WARN_UNUSED_VARIABLE = YES;
				IPHONEOS_DEPLOYMENT_TARGET = 9.1;
				MTL_ENABLE_DEBUG_INFO = NO;
				SDKROOT = iphoneos;
				VALIDATE_PRODUCT = YES;
			};
			name = Release;
		};
		1A7D6A351BE2CE6D003873F7 /* Debug */ = {
			isa = XCBuildConfiguration;
			buildSettings = {
				ASSETCATALOG_COMPILER_APPICON_NAME = AppIcon;
				INFOPLIST_FILE = "Where am I/Info.plist";
				LD_RUNPATH_SEARCH_PATHS = "$(inherited) @executable_path/Frameworks";
				PRODUCT_BUNDLE_IDENTIFIER = "com.meinc.Where-am-I";
				PRODUCT_NAME = "$(TARGET_NAME)";
			};
			name = Debug;
		};
		1A7D6A361BE2CE6D003873F7 /* Release */ = {
			isa = XCBuildConfiguration;
			buildSettings = {
				ASSETCATALOG_COMPILER_APPICON_NAME = AppIcon;
				INFOPLIST_FILE = "Where am I/Info.plist";
				LD_RUNPATH_SEARCH_PATHS = "$(inherited) @executable_path/Frameworks";
				PRODUCT_BUNDLE_IDENTIFIER = "com.meinc.Where-am-I";
				PRODUCT_NAME = "$(TARGET_NAME)";
			};
			name = Release;
		};
/* End XCBuildConfiguration section */

/* Begin XCConfigurationList section */
		1A7D6A1D1BE2CE6D003873F7 /* Build configuration list for PBXProject "Where am I" */ = {
			isa = XCConfigurationList;
			buildConfigurations = (
				1A7D6A321BE2CE6D003873F7 /* Debug */,
				1A7D6A331BE2CE6D003873F7 /* Release */,
			);
			defaultConfigurationIsVisible = 0;
			defaultConfigurationName = Release;
		};
		1A7D6A341BE2CE6D003873F7 /* Build configuration list for PBXNativeTarget "Where am I" */ = {
			isa = XCConfigurationList;
			buildConfigurations = (
				1A7D6A351BE2CE6D003873F7 /* Debug */,
				1A7D6A361BE2CE6D003873F7 /* Release */,
			);
			defaultConfigurationIsVisible = 0;
		};
/* End XCConfigurationList section */
	};
	rootObject = 1A7D6A1A1BE2CE6D003873F7 /* Project object */;
}
